
Microsoft Visual Studio Solution File, Format Version 12.00
# Visual Studio Version 16
VisualStudioVersion = 16.0.31005.135
MinimumVisualStudioVersion = 10.0.40219.1
Project("{9A19103F-16F7-4668-BE54-9A1E7A4F7556}") = "Message_Producer", "Message_Service\Message_Producer.csproj", "{A5560928-850E-49C5-BD70-A7D3F66FB00A}"
EndProject
Project("{FAE04EC0-301F-11D3-BF4B-00C04F79EFBC}") = "Message_Consumer", "Message_Consumer\Message_Consumer.csproj", "{B543ADCC-2BD5-4D56-ABC4-327BDF503517}"
EndProject
Global
	GlobalSection(SolutionConfigurationPlatforms) = preSolution
		Debug|Any CPU = Debug|Any CPU
		Release|Any CPU = Release|Any CPU
	EndGlobalSection
	GlobalSection(ProjectConfigurationPlatforms) = postSolution
		{A5560928-850E-49C5-BD70-A7D3F66FB00A}.Debug|Any CPU.ActiveCfg = Debug|Any CPU
		{A5560928-850E-49C5-BD70-A7D3F66FB00A}.Debug|Any CPU.Build.0 = Debug|Any CPU
		{A5560928-850E-49C5-BD70-A7D3F66FB00A}.Release|Any CPU.ActiveCfg = Release|Any CPU
		{A5560928-850E-49C5-BD70-A7D3F66FB00A}.Release|Any CPU.Build.0 = Release|Any CPU
		{B543ADCC-2BD5-4D56-ABC4-327BDF503517}.Debug|Any CPU.ActiveCfg = Debug|Any CPU
		{B543ADCC-2BD5-4D56-ABC4-327BDF503517}.Debug|Any CPU.Build.0 = Debug|Any CPU
		{B543ADCC-2BD5-4D56-ABC4-327BDF503517}.Release|Any CPU.ActiveCfg = Release|Any CPU
		{B543ADCC-2BD5-4D56-ABC4-327BDF503517}.Release|Any CPU.Build.0 = Release|Any CPU
	EndGlobalSection
	GlobalSection(SolutionProperties) = preSolution
		HideSolutionNode = FALSE
	EndGlobalSection
	GlobalSection(ExtensibilityGlobals) = postSolution
		SolutionGuid = {AABB8A4A-0BCD-43B5-8CF8-6C5484A45834}
	EndGlobalSection
EndGlobal
